// !$*UTF8*$!
{
	archiveVersion = 1;
	classes = {
	};
	objectVersion = 46;
	objects = {

/* Begin PBXBuildFile section */
		8458C772173B33BD0045332A /* UIKit.framework in Frameworks */ = {isa = PBXBuildFile; fileRef = 8458C771173B33BD0045332A /* UIKit.framework */; };
		8458C774173B33BD0045332A /* Foundation.framework in Frameworks */ = {isa = PBXBuildFile; fileRef = 8458C773173B33BD0045332A /* Foundation.framework */; };
		8458C776173B33BD0045332A /* CoreGraphics.framework in Frameworks */ = {isa = PBXBuildFile; fileRef = 8458C775173B33BD0045332A /* CoreGraphics.framework */; };
		8458C77C173B33BD0045332A /* InfoPlist.strings in Resources */ = {isa = PBXBuildFile; fileRef = 8458C77A173B33BD0045332A /* InfoPlist.strings */; };
		8458C77E173B33BD0045332A /* main.m in Sources */ = {isa = PBXBuildFile; fileRef = 8458C77D173B33BD0045332A /* main.m */; };
		8458C782173B33BD0045332A /* sun_csAppDelegate.m in Sources */ = {isa = PBXBuildFile; fileRef = 8458C781173B33BD0045332A /* sun_csAppDelegate.m */; };
		8458C784173B33BD0045332A /* Default.png in Resources */ = {isa = PBXBuildFile; fileRef = 8458C783173B33BD0045332A /* Default.png */; };
		8458C786173B33BD0045332A /* Default@2x.png in Resources */ = {isa = PBXBuildFile; fileRef = 8458C785173B33BD0045332A /* Default@2x.png */; };
		8458C788173B33BD0045332A /* Default-568h@2x.png in Resources */ = {isa = PBXBuildFile; fileRef = 8458C787173B33BD0045332A /* Default-568h@2x.png */; };
		8458C78B173B33BD0045332A /* MainStoryboard_iPhone.storyboard in Resources */ = {isa = PBXBuildFile; fileRef = 8458C789173B33BD0045332A /* MainStoryboard_iPhone.storyboard */; };
		8458C78E173B33BD0045332A /* MainStoryboard_iPad.storyboard in Resources */ = {isa = PBXBuildFile; fileRef = 8458C78C173B33BD0045332A /* MainStoryboard_iPad.storyboard */; };
		8458C791173B33BD0045332A /* sun_csFirstViewController.m in Sources */ = {isa = PBXBuildFile; fileRef = 8458C790173B33BD0045332A /* sun_csFirstViewController.m */; };
		8458C793173B33BD0045332A /* first.png in Resources */ = {isa = PBXBuildFile; fileRef = 8458C792173B33BD0045332A /* first.png */; };
		8458C795173B33BD0045332A /* first@2x.png in Resources */ = {isa = PBXBuildFile; fileRef = 8458C794173B33BD0045332A /* first@2x.png */; };
		8458C798173B33BD0045332A /* sun_csSecondViewController.m in Sources */ = {isa = PBXBuildFile; fileRef = 8458C797173B33BD0045332A /* sun_csSecondViewController.m */; };
		8458C79A173B33BD0045332A /* second.png in Resources */ = {isa = PBXBuildFile; fileRef = 8458C799173B33BD0045332A /* second.png */; };
		8458C79C173B33BD0045332A /* second@2x.png in Resources */ = {isa = PBXBuildFile; fileRef = 8458C79B173B33BD0045332A /* second@2x.png */; };
		8458C7A4173B33BD0045332A /* SenTestingKit.framework in Frameworks */ = {isa = PBXBuildFile; fileRef = 8458C7A3173B33BD0045332A /* SenTestingKit.framework */; };
		8458C7A5173B33BD0045332A /* UIKit.framework in Frameworks */ = {isa = PBXBuildFile; fileRef = 8458C771173B33BD0045332A /* UIKit.framework */; };
		8458C7A6173B33BD0045332A /* Foundation.framework in Frameworks */ = {isa = PBXBuildFile; fileRef = 8458C773173B33BD0045332A /* Foundation.framework */; };
		8458C7AE173B33BE0045332A /* InfoPlist.strings in Resources */ = {isa = PBXBuildFile; fileRef = 8458C7AC173B33BE0045332A /* InfoPlist.strings */; };
		8458C7B1173B33BE0045332A /* TestTabBarTests.m in Sources */ = {isa = PBXBuildFile; fileRef = 8458C7B0173B33BE0045332A /* TestTabBarTests.m */; };
/* End PBXBuildFile section */

/* Begin PBXContainerItemProxy section */
		8458C7A7173B33BD0045332A /* PBXContainerItemProxy */ = {
			isa = PBXContainerItemProxy;
			containerPortal = 8458C764173B33BD0045332A /* Project object */;
			proxyType = 1;
			remoteGlobalIDString = 8458C76C173B33BD0045332A;
			remoteInfo = TestTabBar;
		};
/* End PBXContainerItemProxy section */

/* Begin PBXFileReference section */
		8458C76D173B33BD0045332A /* TestTabBar.app */ = {isa = PBXFileReference; explicitFileType = wrapper.application; includeInIndex = 0; path = TestTabBar.app; sourceTree = BUILT_PRODUCTS_DIR; };
		8458C771173B33BD0045332A /* UIKit.framework */ = {isa = PBXFileReference; lastKnownFileType = wrapper.framework; name = UIKit.framework; path = System/Library/Frameworks/UIKit.framework; sourceTree = SDKROOT; };
		8458C773173B33BD0045332A /* Foundation.framework */ = {isa = PBXFileReference; lastKnownFileType = wrapper.framework; name = Foundation.framework; path = System/Library/Frameworks/Foundation.framework; sourceTree = SDKROOT; };
		8458C775173B33BD0045332A /* CoreGraphics.framework */ = {isa = PBXFileReference; lastKnownFileType = wrapper.framework; name = CoreGraphics.framework; path = System/Library/Frameworks/CoreGraphics.framework; sourceTree = SDKROOT; };
		8458C779173B33BD0045332A /* TestTabBar-Info.plist */ = {isa = PBXFileReference; lastKnownFileType = text.plist.xml; path = "TestTabBar-Info.plist"; sourceTree = "<group>"; };
		8458C77B173B33BD0045332A /* en */ = {isa = PBXFileReference; lastKnownFileType = text.plist.strings; name = en; path = en.lproj/InfoPlist.strings; sourceTree = "<group>"; };
		8458C77D173B33BD0045332A /* main.m */ = {isa = PBXFileReference; lastKnownFileType = sourcecode.c.objc; path = main.m; sourceTree = "<group>"; };
		8458C77F173B33BD0045332A /* TestTabBar-Prefix.pch */ = {isa = PBXFileReference; lastKnownFileType = sourcecode.c.h; path = "TestTabBar-Prefix.pch"; sourceTree = "<group>"; };
		8458C780173B33BD0045332A /* sun_csAppDelegate.h */ = {isa = PBXFileReference; lastKnownFileType = sourcecode.c.h; path = sun_csAppDelegate.h; sourceTree = "<group>"; };
		8458C781173B33BD0045332A /* sun_csAppDelegate.m */ = {isa = PBXFileReference; lastKnownFileType = sourcecode.c.objc; path = sun_csAppDelegate.m; sourceTree = "<group>"; };
		8458C783173B33BD0045332A /* Default.png */ = {isa = PBXFileReference; lastKnownFileType = image.png; path = Default.png; sourceTree = "<group>"; };
		8458C785173B33BD0045332A /* Default@2x.png */ = {isa = PBXFileReference; lastKnownFileType = image.png; path = "Default@2x.png"; sourceTree = "<group>"; };
		8458C787173B33BD0045332A /* Default-568h@2x.png */ = {isa = PBXFileReference; lastKnownFileType = image.png; path = "Default-568h@2x.png"; sourceTree = "<group>"; };
		8458C78A173B33BD0045332A /* en */ = {isa = PBXFileReference; lastKnownFileType = file.storyboard; name = en; path = en.lproj/MainStoryboard_iPhone.storyboard; sourceTree = "<group>"; };
		8458C78D173B33BD0045332A /* en */ = {isa = PBXFileReference; lastKnownFileType = file.storyboard; name = en; path = en.lproj/MainStoryboard_iPad.storyboard; sourceTree = "<group>"; };
		8458C78F173B33BD0045332A /* sun_csFirstViewController.h */ = {isa = PBXFileReference; lastKnownFileType = sourcecode.c.h; path = sun_csFirstViewController.h; sourceTree = "<group>"; };
		8458C790173B33BD0045332A /* sun_csFirstViewController.m */ = {isa = PBXFileReference; lastKnownFileType = sourcecode.c.objc; path = sun_csFirstViewController.m; sourceTree = "<group>"; };
		8458C792173B33BD0045332A /* first.png */ = {isa = PBXFileReference; lastKnownFileType = image.png; path = first.png; sourceTree = "<group>"; };
		8458C794173B33BD0045332A /* first@2x.png */ = {isa = PBXFileReference; lastKnownFileType = image.png; path = "first@2x.png"; sourceTree = "<group>"; };
		8458C796173B33BD0045332A /* sun_csSecondViewController.h */ = {isa = PBXFileReference; lastKnownFileType = sourcecode.c.h; path = sun_csSecondViewController.h; sourceTree = "<group>"; };
		8458C797173B33BD0045332A /* sun_csSecondViewController.m */ = {isa = PBXFileReference; lastKnownFileType = sourcecode.c.objc; path = sun_csSecondViewController.m; sourceTree = "<group>"; };
		8458C799173B33BD0045332A /* second.png */ = {isa = PBXFileReference; lastKnownFileType = image.png; path = second.png; sourceTree = "<group>"; };
		8458C79B173B33BD0045332A /* second@2x.png */ = {isa = PBXFileReference; lastKnownFileType = image.png; path = "second@2x.png"; sourceTree = "<group>"; };
		8458C7A2173B33BD0045332A /* TestTabBarTests.octest */ = {isa = PBXFileReference; explicitFileType = wrapper.cfbundle; includeInIndex = 0; path = TestTabBarTests.octest; sourceTree = BUILT_PRODUCTS_DIR; };
		8458C7A3173B33BD0045332A /* SenTestingKit.framework */ = {isa = PBXFileReference; lastKnownFileType = wrapper.framework; name = SenTestingKit.framework; path = Library/Frameworks/SenTestingKit.framework; sourceTree = DEVELOPER_DIR; };
		8458C7AB173B33BE0045332A /* TestTabBarTests-Info.plist */ = {isa = PBXFileReference; lastKnownFileType = text.plist.xml; path = "TestTabBarTests-Info.plist"; sourceTree = "<group>"; };
		8458C7AD173B33BE0045332A /* en */ = {isa = PBXFileReference; lastKnownFileType = text.plist.strings; name = en; path = en.lproj/InfoPlist.strings; sourceTree = "<group>"; };
		8458C7AF173B33BE0045332A /* TestTabBarTests.h */ = {isa = PBXFileReference; lastKnownFileType = sourcecode.c.h; path = TestTabBarTests.h; sourceTree = "<group>"; };
		8458C7B0173B33BE0045332A /* TestTabBarTests.m */ = {isa = PBXFileReference; lastKnownFileType = sourcecode.c.objc; path = TestTabBarTests.m; sourceTree = "<group>"; };
/* End PBXFileReference section */

/* Begin PBXFrameworksBuildPhase section */
		8458C76A173B33BD0045332A /* Frameworks */ = {
			isa = PBXFrameworksBuildPhase;
			buildActionMask = 2147483647;
			files = (
				8458C772173B33BD0045332A /* UIKit.framework in Frameworks */,
				8458C774173B33BD0045332A /* Foundation.framework in Frameworks */,
				8458C776173B33BD0045332A /* CoreGraphics.framework in Frameworks */,
			);
			runOnlyForDeploymentPostprocessing = 0;
		};
		8458C79E173B33BD0045332A /* Frameworks */ = {
			isa = PBXFrameworksBuildPhase;
			buildActionMask = 2147483647;
			files = (
				8458C7A4173B33BD0045332A /* SenTestingKit.framework in Frameworks */,
				8458C7A5173B33BD0045332A /* UIKit.framework in Frameworks */,
				8458C7A6173B33BD0045332A /* Foundation.framework in Frameworks */,
			);
			runOnlyForDeploymentPostprocessing = 0;
		};
/* End PBXFrameworksBuildPhase section */

/* Begin PBXGroup section */
		8458C762173B33BD0045332A = {
			isa = PBXGroup;
			children = (
				8458C777173B33BD0045332A /* TestTabBar */,
				8458C7A9173B33BD0045332A /* TestTabBarTests */,
				8458C770173B33BD0045332A /* Frameworks */,
				8458C76E173B33BD0045332A /* Products */,
			);
			sourceTree = "<group>";
		};
		8458C76E173B33BD0045332A /* Products */ = {
			isa = PBXGroup;
			children = (
				8458C76D173B33BD0045332A /* TestTabBar.app */,
				8458C7A2173B33BD0045332A /* TestTabBarTests.octest */,
			);
			name = Products;
			sourceTree = "<group>";
		};
		8458C770173B33BD0045332A /* Frameworks */ = {
			isa = PBXGroup;
			children = (
				8458C771173B33BD0045332A /* UIKit.framework */,
				8458C773173B33BD0045332A /* Foundation.framework */,
				8458C775173B33BD0045332A /* CoreGraphics.framework */,
				8458C7A3173B33BD0045332A /* SenTestingKit.framework */,
			);
			name = Frameworks;
			sourceTree = "<group>";
		};
		8458C777173B33BD0045332A /* TestTabBar */ = {
			isa = PBXGroup;
			children = (
				8458C780173B33BD0045332A /* sun_csAppDelegate.h */,
				8458C781173B33BD0045332A /* sun_csAppDelegate.m */,
				8458C789173B33BD0045332A /* MainStoryboard_iPhone.storyboard */,
				8458C78C173B33BD0045332A /* MainStoryboard_iPad.storyboard */,
				8458C78F173B33BD0045332A /* sun_csFirstViewController.h */,
				8458C790173B33BD0045332A /* sun_csFirstViewController.m */,
				8458C792173B33BD0045332A /* first.png */,
				8458C794173B33BD0045332A /* first@2x.png */,
				8458C796173B33BD0045332A /* sun_csSecondViewController.h */,
				8458C797173B33BD0045332A /* sun_csSecondViewController.m */,
				8458C799173B33BD0045332A /* second.png */,
				8458C79B173B33BD0045332A /* second@2x.png */,
				8458C778173B33BD0045332A /* Supporting Files */,
			);
			path = TestTabBar;
			sourceTree = "<group>";
		};
		8458C778173B33BD0045332A /* Supporting Files */ = {
			isa = PBXGroup;
			children = (
				8458C779173B33BD0045332A /* TestTabBar-Info.plist */,
				8458C77A173B33BD0045332A /* InfoPlist.strings */,
				8458C77D173B33BD0045332A /* main.m */,
				8458C77F173B33BD0045332A /* TestTabBar-Prefix.pch */,
				8458C783173B33BD0045332A /* Default.png */,
				8458C785173B33BD0045332A /* Default@2x.png */,
				8458C787173B33BD0045332A /* Default-568h@2x.png */,
			);
			name = "Supporting Files";
			sourceTree = "<group>";
		};
		8458C7A9173B33BD0045332A /* TestTabBarTests */ = {
			isa = PBXGroup;
			children = (
				8458C7AF173B33BE0045332A /* TestTabBarTests.h */,
				8458C7B0173B33BE0045332A /* TestTabBarTests.m */,
				8458C7AA173B33BE0045332A /* Supporting Files */,
			);
			path = TestTabBarTests;
			sourceTree = "<group>";
		};
		8458C7AA173B33BE0045332A /* Supporting Files */ = {
			isa = PBXGroup;
			children = (
				8458C7AB173B33BE0045332A /* TestTabBarTests-Info.plist */,
				8458C7AC173B33BE0045332A /* InfoPlist.strings */,
			);
			name = "Supporting Files";
			sourceTree = "<group>";
		};
/* End PBXGroup section */

/* Begin PBXNativeTarget section */
		8458C76C173B33BD0045332A /* TestTabBar */ = {
			isa = PBXNativeTarget;
			buildConfigurationList = 8458C7B4173B33BE0045332A /* Build configuration list for PBXNativeTarget "TestTabBar" */;
			buildPhases = (
				8458C769173B33BD0045332A /* Sources */,
				8458C76A173B33BD0045332A /* Frameworks */,
				8458C76B173B33BD0045332A /* Resources */,
			);
			buildRules = (
			);
			dependencies = (
			);
			name = TestTabBar;
			productName = TestTabBar;
			productReference = 8458C76D173B33BD0045332A /* TestTabBar.app */;
			productType = "com.apple.product-type.application";
		};
		8458C7A1173B33BD0045332A /* TestTabBarTests */ = {
			isa = PBXNativeTarget;
			buildConfigurationList = 8458C7B7173B33BE0045332A /* Build configuration list for PBXNativeTarget "TestTabBarTests" */;
			buildPhases = (
				8458C79D173B33BD0045332A /* Sources */,
				8458C79E173B33BD0045332A /* Frameworks */,
				8458C79F173B33BD0045332A /* Resources */,
				8458C7A0173B33BD0045332A /* ShellScript */,
			);
			buildRules = (
			);
			dependencies = (
				8458C7A8173B33BD0045332A /* PBXTargetDependency */,
			);
			name = TestTabBarTests;
			productName = TestTabBarTests;
			productReference = 8458C7A2173B33BD0045332A /* TestTabBarTests.octest */;
			productType = "com.apple.product-type.bundle";
		};
/* End PBXNativeTarget section */

/* Begin PBXProject section */
		8458C764173B33BD0045332A /* Project object */ = {
			isa = PBXProject;
			attributes = {
				CLASSPREFIX = "sun cs";
				LastUpgradeCheck = 0450;
				ORGANIZATIONNAME = com.suncs;
			};
			buildConfigurationList = 8458C767173B33BD0045332A /* Build configuration list for PBXProject "TestTabBar" */;
			compatibilityVersion = "Xcode 3.2";
			developmentRegion = English;
			hasScannedForEncodings = 0;
			knownRegions = (
				en,
			);
			mainGroup = 8458C762173B33BD0045332A;
			productRefGroup = 8458C76E173B33BD0045332A /* Products */;
			projectDirPath = "";
			projectRoot = "";
			targets = (
				8458C76C173B33BD0045332A /* TestTabBar */,
				8458C7A1173B33BD0045332A /* TestTabBarTests */,
			);
		};
/* End PBXProject section */

/* Begin PBXResourcesBuildPhase section */
		8458C76B173B33BD0045332A /* Resources */ = {
			isa = PBXResourcesBuildPhase;
			buildActionMask = 2147483647;
			files = (
				8458C77C173B33BD0045332A /* InfoPlist.strings in Resources */,
				8458C784173B33BD0045332A /* Default.png in Resources */,
				8458C786173B33BD0045332A /* Default@2x.png in Resources */,
				8458C788173B33BD0045332A /* Default-568h@2x.png in Resources */,
				8458C78B173B33BD0045332A /* MainStoryboard_iPhone.storyboard in Resources */,
				8458C78E173B33BD0045332A /* MainStoryboard_iPad.storyboard in Resources */,
				8458C793173B33BD0045332A /* first.png in Resources */,
				8458C795173B33BD0045332A /* first@2x.png in Resources */,
				8458C79A173B33BD0045332A /* second.png in Resources */,
				8458C79C173B33BD0045332A /* second@2x.png in Resources */,
			);
			runOnlyForDeploymentPostprocessing = 0;
		};
		8458C79F173B33BD0045332A /* Resources */ = {
			isa = PBXResourcesBuildPhase;
			buildActionMask = 2147483647;
			files = (
				8458C7AE173B33BE0045332A /* InfoPlist.strings in Resources */,
			);
			runOnlyForDeploymentPostprocessing = 0;
		};
/* End PBXResourcesBuildPhase section */

/* Begin PBXShellScriptBuildPhase section */
		8458C7A0173B33BD0045332A /* ShellScript */ = {
			isa = PBXShellScriptBuildPhase;
			buildActionMask = 2147483647;
			files = (
			);
			inputPaths = (
			);
			outputPaths = (
			);
			runOnlyForDeploymentPostprocessing = 0;
			shellPath = /bin/sh;
			shellScript = "# Run the unit tests in this test bundle.\n\"${SYSTEM_DEVELOPER_DIR}/Tools/RunUnitTests\"\n";
		};
/* End PBXShellScriptBuildPhase section */

/* Begin PBXSourcesBuildPhase section */
		8458C769173B33BD0045332A /* Sources */ = {
			isa = PBXSourcesBuildPhase;
			buildActionMask = 2147483647;
			files = (
				8458C77E173B33BD0045332A /* main.m in Sources */,
				8458C782173B33BD0045332A /* sun_csAppDelegate.m in Sources */,
				8458C791173B33BD0045332A /* sun_csFirstViewController.m in Sources */,
				8458C798173B33BD0045332A /* sun_csSecondViewController.m in Sources */,
			);
			runOnlyForDeploymentPostprocessing = 0;
		};
		8458C79D173B33BD0045332A /* Sources */ = {
			isa = PBXSourcesBuildPhase;
			buildActionMask = 2147483647;
			files = (
				8458C7B1173B33BE0045332A /* TestTabBarTests.m in Sources */,
			);
			runOnlyForDeploymentPostprocessing = 0;
		};
/* End PBXSourcesBuildPhase section */

/* Begin PBXTargetDependency section */
		8458C7A8173B33BD0045332A /* PBXTargetDependency */ = {
			isa = PBXTargetDependency;
			target = 8458C76C173B33BD0045332A /* TestTabBar */;
			targetProxy = 8458C7A7173B33BD0045332A /* PBXContainerItemProxy */;
		};
/* End PBXTargetDependency section */

/* Begin PBXVariantGroup section */
		8458C77A173B33BD0045332A /* InfoPlist.strings */ = {
			isa = PBXVariantGroup;
			children = (
				8458C77B173B33BD0045332A /* en */,
			);
			name = InfoPlist.strings;
			sourceTree = "<group>";
		};
		8458C789173B33BD0045332A /* MainStoryboard_iPhone.storyboard */ = {
			isa = PBXVariantGroup;
			children = (
				8458C78A173B33BD0045332A /* en */,
			);
			name = MainStoryboard_iPhone.storyboard;
			sourceTree = "<group>";
		};
		8458C78C173B33BD0045332A /* MainStoryboard_iPad.storyboard */ = {
			isa = PBXVariantGroup;
			children = (
				8458C78D173B33BD0045332A /* en */,
			);
			name = MainStoryboard_iPad.storyboard;
			sourceTree = "<group>";
		};
		8458C7AC173B33BE0045332A /* InfoPlist.strings */ = {
			isa = PBXVariantGroup;
			children = (
				8458C7AD173B33BE0045332A /* en */,
			);
			name = InfoPlist.strings;
			sourceTree = "<group>";
		};
/* End PBXVariantGroup section */

/* Begin XCBuildConfiguration section */
		8458C7B2173B33BE0045332A /* Debug */ = {
			isa = XCBuildConfiguration;
			buildSettings = {
				ALWAYS_SEARCH_USER_PATHS = NO;
				CLANG_CXX_LANGUAGE_STANDARD = "gnu++0x";
				CLANG_CXX_LIBRARY = "libc++";
				CLANG_WARN_EMPTY_BODY = YES;
				CLANG_WARN__DUPLICATE_METHOD_MATCH = YES;
				"CODE_SIGN_IDENTITY[sdk=iphoneos*]" = "iPhone Developer";
				COPY_PHASE_STRIP = NO;
				GCC_C_LANGUAGE_STANDARD = gnu99;
				GCC_DYNAMIC_NO_PIC = NO;
				GCC_OPTIMIZATION_LEVEL = 0;
				GCC_PREPROCESSOR_DEFINITIONS = (
					"DEBUG=1",
					"$(inherited)",
				);
				GCC_SYMBOLS_PRIVATE_EXTERN = NO;
				GCC_WARN_ABOUT_RETURN_TYPE = YES;
				GCC_WARN_UNINITIALIZED_AUTOS = YES;
				GCC_WARN_UNUSED_VARIABLE = YES;
				IPHONEOS_DEPLOYMENT_TARGET = 6.0;
				SDKROOT = iphoneos;
				TARGETED_DEVICE_FAMILY = "1,2";
			};
			name = Debug;
		};
		8458C7B3173B33BE0045332A /* Release */ = {
			isa = XCBuildConfiguration;
			buildSettings = {
				ALWAYS_SEARCH_USER_PATHS = NO;
				CLANG_CXX_LANGUAGE_STANDARD = "gnu++0x";
				CLANG_CXX_LIBRARY = "libc++";
				CLANG_WARN_EMPTY_BODY = YES;
				CLANG_WARN__DUPLICATE_METHOD_MATCH = YES;
				"CODE_SIGN_IDENTITY[sdk=iphoneos*]" = "iPhone Developer";
				COPY_PHASE_STRIP = YES;
				GCC_C_LANGUAGE_STANDARD = gnu99;
				GCC_WARN_ABOUT_RETURN_TYPE = YES;
				GCC_WARN_UNINITIALIZED_AUTOS = YES;
				GCC_WARN_UNUSED_VARIABLE = YES;
				IPHONEOS_DEPLOYMENT_TARGET = 6.0;
				OTHER_CFLAGS = "-DNS_BLOCK_ASSERTIONS=1";
				SDKROOT = iphoneos;
				TARGETED_DEVICE_FAMILY = "1,2";
				VALIDATE_PRODUCT = YES;
			};
			name = Release;
		};
		8458C7B5173B33BE0045332A /* Debug */ = {
			isa = XCBuildConfiguration;
			buildSettings = {
				GCC_PRECOMPILE_PREFIX_HEADER = YES;
				GCC_PREFIX_HEADER = "TestTabBar/TestTabBar-Prefix.pch";
				INFOPLIST_FILE = "TestTabBar/TestTabBar-Info.plist";
				PRODUCT_NAME = "$(TARGET_NAME)";
				WRAPPER_EXTENSION = app;
			};
			name = Debug;
		};
		8458C7B6173B33BE0045332A /* Release */ = {
			isa = XCBuildConfiguration;
			buildSettings = {
				GCC_PRECOMPILE_PREFIX_HEADER = YES;
				GCC_PREFIX_HEADER = "TestTabBar/TestTabBar-Prefix.pch";
				INFOPLIST_FILE = "TestTabBar/TestTabBar-Info.plist";
				PRODUCT_NAME = "$(TARGET_NAME)";
				WRAPPER_EXTENSION = app;
			};
			name = Release;
		};
		8458C7B8173B33BE0045332A /* Debug */ = {
			isa = XCBuildConfiguration;
			buildSettings = {
				BUNDLE_LOADER = "$(BUILT_PRODUCTS_DIR)/TestTabBar.app/TestTabBar";
				FRAMEWORK_SEARCH_PATHS = (
					"\"$(SDKROOT)/Developer/Library/Frameworks\"",
					"\"$(DEVELOPER_LIBRARY_DIR)/Frameworks\"",
				);
				GCC_PRECOMPILE_PREFIX_HEADER = YES;
				GCC_PREFIX_HEADER = "TestTabBar/TestTabBar-Prefix.pch";
				INFOPLIST_FILE = "TestTabBarTests/TestTabBarTests-Info.plist";
				PRODUCT_NAME = "$(TARGET_NAME)";
				TEST_HOST = "$(BUNDLE_LOADER)";
				WRAPPER_EXTENSION = octest;
			};
			name = Debug;
		};
		8458C7B9173B33BE0045332A /* Release */ = {
			isa = XCBuildConfiguration;
			buildSettings = {
				BUNDLE_LOADER = "$(BUILT_PRODUCTS_DIR)/TestTabBar.app/TestTabBar";
				FRAMEWORK_SEARCH_PATHS = (
					"\"$(SDKROOT)/Developer/Library/Frameworks\"",
					"\"$(DEVELOPER_LIBRARY_DIR)/Frameworks\"",
				);
				GCC_PRECOMPILE_PREFIX_HEADER = YES;
				GCC_PREFIX_HEADER = "TestTabBar/TestTabBar-Prefix.pch";
				INFOPLIST_FILE = "TestTabBarTests/TestTabBarTests-Info.plist";
				PRODUCT_NAME = "$(TARGET_NAME)";
				TEST_HOST = "$(BUNDLE_LOADER)";
				WRAPPER_EXTENSION = octest;
			};
			name = Release;
		};
/* End XCBuildConfiguration section */

/* Begin XCConfigurationList section */
		8458C767173B33BD0045332A /* Build configuration list for PBXProject "TestTabBar" */ = {
			isa = XCConfigurationList;
			buildConfigurations = (
				8458C7B2173B33BE0045332A /* Debug */,
				8458C7B3173B33BE0045332A /* Release */,
			);
			defaultConfigurationIsVisible = 0;
			defaultConfigurationName = Release;
		};
		8458C7B4173B33BE0045332A /* Build configuration list for PBXNativeTarget "TestTabBar" */ = {
			isa = XCConfigurationList;
			buildConfigurations = (
				8458C7B5173B33BE0045332A /* Debug */,
				8458C7B6173B33BE0045332A /* Release */,
			);
			defaultConfigurationIsVisible = 0;
		};
		8458C7B7173B33BE0045332A /* Build configuration list for PBXNativeTarget "TestTabBarTests" */ = {
			isa = XCConfigurationList;
			buildConfigurations = (
				8458C7B8173B33BE0045332A /* Debug */,
				8458C7B9173B33BE0045332A /* Release */,
			);
			defaultConfigurationIsVisible = 0;
		};
/* End XCConfigurationList section */
	};
	rootObject = 8458C764173B33BD0045332A /* Project object */;
}
