// !$*UTF8*$!
{
	archiveVersion = 1;
	classes = {
	};
	objectVersion = 46;
	objects = {

/* Begin PBXBuildFile section */
		8458C7CA173B3AC40045332A /* NSArrayTest.m in Sources */ = {isa = PBXBuildFile; fileRef = 8458C7C9173B3AC40045332A /* NSArrayTest.m */; };
		845FAB6E17388E2F00797305 /* StaticTest.m in Sources */ = {isa = PBXBuildFile; fileRef = 845FAB6D17388E2F00797305 /* StaticTest.m */; };
		845FAB7117388ED200797305 /* DemoAppDelegate.m in Sources */ = {isa = PBXBuildFile; fileRef = 845FAB7017388ED200797305 /* DemoAppDelegate.m */; };
		845FAB7417389DEB00797305 /* StaticTest2.m in Sources */ = {isa = PBXBuildFile; fileRef = 845FAB7317389DEB00797305 /* StaticTest2.m */; };
		845FAB771738A7FD00797305 /* ConstTest.m in Sources */ = {isa = PBXBuildFile; fileRef = 845FAB761738A7FD00797305 /* ConstTest.m */; };
		845FAB7A1738C81500797305 /* SingletonTest.m in Sources */ = {isa = PBXBuildFile; fileRef = 845FAB791738C81500797305 /* SingletonTest.m */; };
		845FAB811738D3F300797305 /* OperateQueueTest.m in Sources */ = {isa = PBXBuildFile; fileRef = 845FAB801738D3F300797305 /* OperateQueueTest.m */; };
		8478E2A7172A8233006B94EA /* TestView.m in Sources */ = {isa = PBXBuildFile; fileRef = 8478E2A6172A8233006B94EA /* TestView.m */; };
		8495E823174DDD5F000B0248 /* UIView+Drawing.m in Sources */ = {isa = PBXBuildFile; fileRef = 8495E822174DDD5F000B0248 /* UIView+Drawing.m */; };
		84B6F33417267D2500473E8F /* UIKit.framework in Frameworks */ = {isa = PBXBuildFile; fileRef = 84B6F33317267D2500473E8F /* UIKit.framework */; };
		84B6F33617267D2500473E8F /* Foundation.framework in Frameworks */ = {isa = PBXBuildFile; fileRef = 84B6F33517267D2500473E8F /* Foundation.framework */; };
		84B6F33817267D2500473E8F /* CoreGraphics.framework in Frameworks */ = {isa = PBXBuildFile; fileRef = 84B6F33717267D2500473E8F /* CoreGraphics.framework */; };
		84B6F33E17267D2500473E8F /* InfoPlist.strings in Resources */ = {isa = PBXBuildFile; fileRef = 84B6F33C17267D2500473E8F /* InfoPlist.strings */; };
		84B6F34017267D2500473E8F /* main.m in Sources */ = {isa = PBXBuildFile; fileRef = 84B6F33F17267D2500473E8F /* main.m */; };
		84B6F34617267D2500473E8F /* Default.png in Resources */ = {isa = PBXBuildFile; fileRef = 84B6F34517267D2500473E8F /* Default.png */; };
		84B6F34817267D2500473E8F /* Default@2x.png in Resources */ = {isa = PBXBuildFile; fileRef = 84B6F34717267D2500473E8F /* Default@2x.png */; };
		84B6F34A17267D2500473E8F /* Default-568h@2x.png in Resources */ = {isa = PBXBuildFile; fileRef = 84B6F34917267D2500473E8F /* Default-568h@2x.png */; };
		84B6F35217267D2600473E8F /* SenTestingKit.framework in Frameworks */ = {isa = PBXBuildFile; fileRef = 84B6F35117267D2600473E8F /* SenTestingKit.framework */; };
		84B6F35317267D2600473E8F /* UIKit.framework in Frameworks */ = {isa = PBXBuildFile; fileRef = 84B6F33317267D2500473E8F /* UIKit.framework */; };
		84B6F35417267D2600473E8F /* Foundation.framework in Frameworks */ = {isa = PBXBuildFile; fileRef = 84B6F33517267D2500473E8F /* Foundation.framework */; };
		84B6F35C17267D2600473E8F /* InfoPlist.strings in Resources */ = {isa = PBXBuildFile; fileRef = 84B6F35A17267D2600473E8F /* InfoPlist.strings */; };
		84B6F35F17267D2600473E8F /* demoTests.m in Sources */ = {isa = PBXBuildFile; fileRef = 84B6F35E17267D2600473E8F /* demoTests.m */; };
/* End PBXBuildFile section */

/* Begin PBXContainerItemProxy section */
		84B6F35517267D2600473E8F /* PBXContainerItemProxy */ = {
			isa = PBXContainerItemProxy;
			containerPortal = 84B6F32617267D2500473E8F /* Project object */;
			proxyType = 1;
			remoteGlobalIDString = 84B6F32E17267D2500473E8F;
			remoteInfo = demo;
		};
/* End PBXContainerItemProxy section */

/* Begin PBXFileReference section */
		8458C7C8173B3AC40045332A /* NSArrayTest.h */ = {isa = PBXFileReference; fileEncoding = 4; lastKnownFileType = sourcecode.c.h; path = NSArrayTest.h; sourceTree = "<group>"; };
		8458C7C9173B3AC40045332A /* NSArrayTest.m */ = {isa = PBXFileReference; fileEncoding = 4; lastKnownFileType = sourcecode.c.objc; path = NSArrayTest.m; sourceTree = "<group>"; };
		845FAB6C17388E2F00797305 /* StaticTest.h */ = {isa = PBXFileReference; fileEncoding = 4; lastKnownFileType = sourcecode.c.h; path = StaticTest.h; sourceTree = "<group>"; };
		845FAB6D17388E2F00797305 /* StaticTest.m */ = {isa = PBXFileReference; fileEncoding = 4; lastKnownFileType = sourcecode.c.objc; path = StaticTest.m; sourceTree = "<group>"; };
		845FAB7017388ED200797305 /* DemoAppDelegate.m */ = {isa = PBXFileReference; fileEncoding = 4; lastKnownFileType = sourcecode.c.objc; path = DemoAppDelegate.m; sourceTree = "<group>"; };
		845FAB7217389DEB00797305 /* StaticTest2.h */ = {isa = PBXFileReference; fileEncoding = 4; lastKnownFileType = sourcecode.c.h; path = StaticTest2.h; sourceTree = "<group>"; };
		845FAB7317389DEB00797305 /* StaticTest2.m */ = {isa = PBXFileReference; fileEncoding = 4; lastKnownFileType = sourcecode.c.objc; path = StaticTest2.m; sourceTree = "<group>"; };
		845FAB751738A7FD00797305 /* ConstTest.h */ = {isa = PBXFileReference; fileEncoding = 4; lastKnownFileType = sourcecode.c.h; path = ConstTest.h; sourceTree = "<group>"; };
		845FAB761738A7FD00797305 /* ConstTest.m */ = {isa = PBXFileReference; fileEncoding = 4; lastKnownFileType = sourcecode.c.objc; path = ConstTest.m; sourceTree = "<group>"; };
		845FAB781738C81500797305 /* SingletonTest.h */ = {isa = PBXFileReference; fileEncoding = 4; lastKnownFileType = sourcecode.c.h; path = SingletonTest.h; sourceTree = "<group>"; };
		845FAB791738C81500797305 /* SingletonTest.m */ = {isa = PBXFileReference; fileEncoding = 4; lastKnownFileType = sourcecode.c.objc; path = SingletonTest.m; sourceTree = "<group>"; };
		845FAB7F1738D3F300797305 /* OperateQueueTest.h */ = {isa = PBXFileReference; fileEncoding = 4; lastKnownFileType = sourcecode.c.h; path = OperateQueueTest.h; sourceTree = "<group>"; };
		845FAB801738D3F300797305 /* OperateQueueTest.m */ = {isa = PBXFileReference; fileEncoding = 4; lastKnownFileType = sourcecode.c.objc; path = OperateQueueTest.m; sourceTree = "<group>"; };
		8478E2A5172A8233006B94EA /* TestView.h */ = {isa = PBXFileReference; fileEncoding = 4; lastKnownFileType = sourcecode.c.h; path = TestView.h; sourceTree = "<group>"; };
		8478E2A6172A8233006B94EA /* TestView.m */ = {isa = PBXFileReference; fileEncoding = 4; lastKnownFileType = sourcecode.c.objc; path = TestView.m; sourceTree = "<group>"; };
		8495E821174DDD5F000B0248 /* UIView+Drawing.h */ = {isa = PBXFileReference; fileEncoding = 4; lastKnownFileType = sourcecode.c.h; path = "UIView+Drawing.h"; sourceTree = "<group>"; };
		8495E822174DDD5F000B0248 /* UIView+Drawing.m */ = {isa = PBXFileReference; fileEncoding = 4; lastKnownFileType = sourcecode.c.objc; path = "UIView+Drawing.m"; sourceTree = "<group>"; };
		84B6F32F17267D2500473E8F /* demo.app */ = {isa = PBXFileReference; explicitFileType = wrapper.application; includeInIndex = 0; path = demo.app; sourceTree = BUILT_PRODUCTS_DIR; };
		84B6F33317267D2500473E8F /* UIKit.framework */ = {isa = PBXFileReference; lastKnownFileType = wrapper.framework; name = UIKit.framework; path = System/Library/Frameworks/UIKit.framework; sourceTree = SDKROOT; };
		84B6F33517267D2500473E8F /* Foundation.framework */ = {isa = PBXFileReference; lastKnownFileType = wrapper.framework; name = Foundation.framework; path = System/Library/Frameworks/Foundation.framework; sourceTree = SDKROOT; };
		84B6F33717267D2500473E8F /* CoreGraphics.framework */ = {isa = PBXFileReference; lastKnownFileType = wrapper.framework; name = CoreGraphics.framework; path = System/Library/Frameworks/CoreGraphics.framework; sourceTree = SDKROOT; };
		84B6F33B17267D2500473E8F /* demo-Info.plist */ = {isa = PBXFileReference; lastKnownFileType = text.plist.xml; path = "demo-Info.plist"; sourceTree = "<group>"; };
		84B6F33D17267D2500473E8F /* en */ = {isa = PBXFileReference; lastKnownFileType = text.plist.strings; name = en; path = en.lproj/InfoPlist.strings; sourceTree = "<group>"; };
		84B6F33F17267D2500473E8F /* main.m */ = {isa = PBXFileReference; lastKnownFileType = sourcecode.c.objc; path = main.m; sourceTree = "<group>"; };
		84B6F34117267D2500473E8F /* demo-Prefix.pch */ = {isa = PBXFileReference; lastKnownFileType = sourcecode.c.h; path = "demo-Prefix.pch"; sourceTree = "<group>"; };
		84B6F34217267D2500473E8F /* DemoAppDelegate.h */ = {isa = PBXFileReference; lastKnownFileType = sourcecode.c.h; path = DemoAppDelegate.h; sourceTree = "<group>"; };
		84B6F34517267D2500473E8F /* Default.png */ = {isa = PBXFileReference; lastKnownFileType = image.png; path = Default.png; sourceTree = "<group>"; };
		84B6F34717267D2500473E8F /* Default@2x.png */ = {isa = PBXFileReference; lastKnownFileType = image.png; path = "Default@2x.png"; sourceTree = "<group>"; };
		84B6F34917267D2500473E8F /* Default-568h@2x.png */ = {isa = PBXFileReference; lastKnownFileType = image.png; path = "Default-568h@2x.png"; sourceTree = "<group>"; };
		84B6F35017267D2600473E8F /* demoTests.octest */ = {isa = PBXFileReference; explicitFileType = wrapper.cfbundle; includeInIndex = 0; path = demoTests.octest; sourceTree = BUILT_PRODUCTS_DIR; };
		84B6F35117267D2600473E8F /* SenTestingKit.framework */ = {isa = PBXFileReference; lastKnownFileType = wrapper.framework; name = SenTestingKit.framework; path = Library/Frameworks/SenTestingKit.framework; sourceTree = DEVELOPER_DIR; };
		84B6F35917267D2600473E8F /* demoTests-Info.plist */ = {isa = PBXFileReference; lastKnownFileType = text.plist.xml; path = "demoTests-Info.plist"; sourceTree = "<group>"; };
		84B6F35B17267D2600473E8F /* en */ = {isa = PBXFileReference; lastKnownFileType = text.plist.strings; name = en; path = en.lproj/InfoPlist.strings; sourceTree = "<group>"; };
		84B6F35D17267D2600473E8F /* demoTests.h */ = {isa = PBXFileReference; lastKnownFileType = sourcecode.c.h; path = demoTests.h; sourceTree = "<group>"; };
		84B6F35E17267D2600473E8F /* demoTests.m */ = {isa = PBXFileReference; lastKnownFileType = sourcecode.c.objc; path = demoTests.m; sourceTree = "<group>"; };
/* End PBXFileReference section */

/* Begin PBXFrameworksBuildPhase section */
		84B6F32C17267D2500473E8F /* Frameworks */ = {
			isa = PBXFrameworksBuildPhase;
			buildActionMask = 2147483647;
			files = (
				84B6F33417267D2500473E8F /* UIKit.framework in Frameworks */,
				84B6F33617267D2500473E8F /* Foundation.framework in Frameworks */,
				84B6F33817267D2500473E8F /* CoreGraphics.framework in Frameworks */,
			);
			runOnlyForDeploymentPostprocessing = 0;
		};
		84B6F34C17267D2600473E8F /* Frameworks */ = {
			isa = PBXFrameworksBuildPhase;
			buildActionMask = 2147483647;
			files = (
				84B6F35217267D2600473E8F /* SenTestingKit.framework in Frameworks */,
				84B6F35317267D2600473E8F /* UIKit.framework in Frameworks */,
				84B6F35417267D2600473E8F /* Foundation.framework in Frameworks */,
			);
			runOnlyForDeploymentPostprocessing = 0;
		};
/* End PBXFrameworksBuildPhase section */

/* Begin PBXGroup section */
		84B6F32417267D2500473E8F = {
			isa = PBXGroup;
			children = (
				84B6F33917267D2500473E8F /* demo */,
				84B6F35717267D2600473E8F /* demoTests */,
				84B6F33217267D2500473E8F /* Frameworks */,
				84B6F33017267D2500473E8F /* Products */,
			);
			sourceTree = "<group>";
		};
		84B6F33017267D2500473E8F /* Products */ = {
			isa = PBXGroup;
			children = (
				84B6F32F17267D2500473E8F /* demo.app */,
				84B6F35017267D2600473E8F /* demoTests.octest */,
			);
			name = Products;
			sourceTree = "<group>";
		};
		84B6F33217267D2500473E8F /* Frameworks */ = {
			isa = PBXGroup;
			children = (
				84B6F33317267D2500473E8F /* UIKit.framework */,
				84B6F33517267D2500473E8F /* Foundation.framework */,
				84B6F33717267D2500473E8F /* CoreGraphics.framework */,
				84B6F35117267D2600473E8F /* SenTestingKit.framework */,
			);
			name = Frameworks;
			sourceTree = "<group>";
		};
		84B6F33917267D2500473E8F /* demo */ = {
			isa = PBXGroup;
			children = (
				84B6F34217267D2500473E8F /* DemoAppDelegate.h */,
				845FAB7017388ED200797305 /* DemoAppDelegate.m */,
				84B6F33A17267D2500473E8F /* Supporting Files */,
				8478E2A5172A8233006B94EA /* TestView.h */,
				8478E2A6172A8233006B94EA /* TestView.m */,
				845FAB6C17388E2F00797305 /* StaticTest.h */,
				845FAB6D17388E2F00797305 /* StaticTest.m */,
				845FAB7217389DEB00797305 /* StaticTest2.h */,
				845FAB7317389DEB00797305 /* StaticTest2.m */,
				845FAB751738A7FD00797305 /* ConstTest.h */,
				845FAB761738A7FD00797305 /* ConstTest.m */,
				845FAB781738C81500797305 /* SingletonTest.h */,
				845FAB791738C81500797305 /* SingletonTest.m */,
				845FAB7F1738D3F300797305 /* OperateQueueTest.h */,
				845FAB801738D3F300797305 /* OperateQueueTest.m */,
				8458C7C8173B3AC40045332A /* NSArrayTest.h */,
				8458C7C9173B3AC40045332A /* NSArrayTest.m */,
				8495E821174DDD5F000B0248 /* UIView+Drawing.h */,
				8495E822174DDD5F000B0248 /* UIView+Drawing.m */,
			);
			path = demo;
			sourceTree = "<group>";
		};
		84B6F33A17267D2500473E8F /* Supporting Files */ = {
			isa = PBXGroup;
			children = (
				84B6F33B17267D2500473E8F /* demo-Info.plist */,
				84B6F33C17267D2500473E8F /* InfoPlist.strings */,
				84B6F33F17267D2500473E8F /* main.m */,
				84B6F34117267D2500473E8F /* demo-Prefix.pch */,
				84B6F34517267D2500473E8F /* Default.png */,
				84B6F34717267D2500473E8F /* Default@2x.png */,
				84B6F34917267D2500473E8F /* Default-568h@2x.png */,
			);
			name = "Supporting Files";
			sourceTree = "<group>";
		};
		84B6F35717267D2600473E8F /* demoTests */ = {
			isa = PBXGroup;
			children = (
				84B6F35D17267D2600473E8F /* demoTests.h */,
				84B6F35E17267D2600473E8F /* demoTests.m */,
				84B6F35817267D2600473E8F /* Supporting Files */,
			);
			path = demoTests;
			sourceTree = "<group>";
		};
		84B6F35817267D2600473E8F /* Supporting Files */ = {
			isa = PBXGroup;
			children = (
				84B6F35917267D2600473E8F /* demoTests-Info.plist */,
				84B6F35A17267D2600473E8F /* InfoPlist.strings */,
			);
			name = "Supporting Files";
			sourceTree = "<group>";
		};
/* End PBXGroup section */

/* Begin PBXNativeTarget section */
		84B6F32E17267D2500473E8F /* demo */ = {
			isa = PBXNativeTarget;
			buildConfigurationList = 84B6F36217267D2600473E8F /* Build configuration list for PBXNativeTarget "demo" */;
			buildPhases = (
				84B6F32B17267D2500473E8F /* Sources */,
				84B6F32C17267D2500473E8F /* Frameworks */,
				84B6F32D17267D2500473E8F /* Resources */,
			);
			buildRules = (
			);
			dependencies = (
			);
			name = demo;
			productName = demo;
			productReference = 84B6F32F17267D2500473E8F /* demo.app */;
			productType = "com.apple.product-type.application";
		};
		84B6F34F17267D2600473E8F /* demoTests */ = {
			isa = PBXNativeTarget;
			buildConfigurationList = 84B6F36517267D2600473E8F /* Build configuration list for PBXNativeTarget "demoTests" */;
			buildPhases = (
				84B6F34B17267D2600473E8F /* Sources */,
				84B6F34C17267D2600473E8F /* Frameworks */,
				84B6F34D17267D2600473E8F /* Resources */,
				84B6F34E17267D2600473E8F /* ShellScript */,
			);
			buildRules = (
			);
			dependencies = (
				84B6F35617267D2600473E8F /* PBXTargetDependency */,
			);
			name = demoTests;
			productName = demoTests;
			productReference = 84B6F35017267D2600473E8F /* demoTests.octest */;
			productType = "com.apple.product-type.bundle";
		};
/* End PBXNativeTarget section */

/* Begin PBXProject section */
		84B6F32617267D2500473E8F /* Project object */ = {
			isa = PBXProject;
			attributes = {
				CLASSPREFIX = "sun cs";
				LastUpgradeCheck = 0450;
				ORGANIZATIONNAME = com.suncs;
			};
			buildConfigurationList = 84B6F32917267D2500473E8F /* Build configuration list for PBXProject "demo" */;
			compatibilityVersion = "Xcode 3.2";
			developmentRegion = English;
			hasScannedForEncodings = 0;
			knownRegions = (
				en,
			);
			mainGroup = 84B6F32417267D2500473E8F;
			productRefGroup = 84B6F33017267D2500473E8F /* Products */;
			projectDirPath = "";
			projectRoot = "";
			targets = (
				84B6F32E17267D2500473E8F /* demo */,
				84B6F34F17267D2600473E8F /* demoTests */,
			);
		};
/* End PBXProject section */

/* Begin PBXResourcesBuildPhase section */
		84B6F32D17267D2500473E8F /* Resources */ = {
			isa = PBXResourcesBuildPhase;
			buildActionMask = 2147483647;
			files = (
				84B6F33E17267D2500473E8F /* InfoPlist.strings in Resources */,
				84B6F34617267D2500473E8F /* Default.png in Resources */,
				84B6F34817267D2500473E8F /* Default@2x.png in Resources */,
				84B6F34A17267D2500473E8F /* Default-568h@2x.png in Resources */,
			);
			runOnlyForDeploymentPostprocessing = 0;
		};
		84B6F34D17267D2600473E8F /* Resources */ = {
			isa = PBXResourcesBuildPhase;
			buildActionMask = 2147483647;
			files = (
				84B6F35C17267D2600473E8F /* InfoPlist.strings in Resources */,
			);
			runOnlyForDeploymentPostprocessing = 0;
		};
/* End PBXResourcesBuildPhase section */

/* Begin PBXShellScriptBuildPhase section */
		84B6F34E17267D2600473E8F /* ShellScript */ = {
			isa = PBXShellScriptBuildPhase;
			buildActionMask = 2147483647;
			files = (
			);
			inputPaths = (
			);
			outputPaths = (
			);
			runOnlyForDeploymentPostprocessing = 0;
			shellPath = /bin/sh;
			shellScript = "# Run the unit tests in this test bundle.\n\"${SYSTEM_DEVELOPER_DIR}/Tools/RunUnitTests\"\n";
		};
/* End PBXShellScriptBuildPhase section */

/* Begin PBXSourcesBuildPhase section */
		84B6F32B17267D2500473E8F /* Sources */ = {
			isa = PBXSourcesBuildPhase;
			buildActionMask = 2147483647;
			files = (
				84B6F34017267D2500473E8F /* main.m in Sources */,
				8478E2A7172A8233006B94EA /* TestView.m in Sources */,
				845FAB6E17388E2F00797305 /* StaticTest.m in Sources */,
				845FAB7117388ED200797305 /* DemoAppDelegate.m in Sources */,
				845FAB7417389DEB00797305 /* StaticTest2.m in Sources */,
				845FAB771738A7FD00797305 /* ConstTest.m in Sources */,
				845FAB7A1738C81500797305 /* SingletonTest.m in Sources */,
				845FAB811738D3F300797305 /* OperateQueueTest.m in Sources */,
				8458C7CA173B3AC40045332A /* NSArrayTest.m in Sources */,
				8495E823174DDD5F000B0248 /* UIView+Drawing.m in Sources */,
			);
			runOnlyForDeploymentPostprocessing = 0;
		};
		84B6F34B17267D2600473E8F /* Sources */ = {
			isa = PBXSourcesBuildPhase;
			buildActionMask = 2147483647;
			files = (
				84B6F35F17267D2600473E8F /* demoTests.m in Sources */,
			);
			runOnlyForDeploymentPostprocessing = 0;
		};
/* End PBXSourcesBuildPhase section */

/* Begin PBXTargetDependency section */
		84B6F35617267D2600473E8F /* PBXTargetDependency */ = {
			isa = PBXTargetDependency;
			target = 84B6F32E17267D2500473E8F /* demo */;
			targetProxy = 84B6F35517267D2600473E8F /* PBXContainerItemProxy */;
		};
/* End PBXTargetDependency section */

/* Begin PBXVariantGroup section */
		84B6F33C17267D2500473E8F /* InfoPlist.strings */ = {
			isa = PBXVariantGroup;
			children = (
				84B6F33D17267D2500473E8F /* en */,
			);
			name = InfoPlist.strings;
			sourceTree = "<group>";
		};
		84B6F35A17267D2600473E8F /* InfoPlist.strings */ = {
			isa = PBXVariantGroup;
			children = (
				84B6F35B17267D2600473E8F /* en */,
			);
			name = InfoPlist.strings;
			sourceTree = "<group>";
		};
/* End PBXVariantGroup section */

/* Begin XCBuildConfiguration section */
		84B6F36017267D2600473E8F /* Debug */ = {
			isa = XCBuildConfiguration;
			buildSettings = {
				ALWAYS_SEARCH_USER_PATHS = NO;
				CLANG_CXX_LANGUAGE_STANDARD = "gnu++0x";
				CLANG_CXX_LIBRARY = "libc++";
				CLANG_WARN_EMPTY_BODY = YES;
				CLANG_WARN__DUPLICATE_METHOD_MATCH = YES;
				CODE_SIGN_IDENTITY = "iPhone Developer: kx的Mac mini (QZUK42G688)";
				"CODE_SIGN_IDENTITY[sdk=iphoneos*]" = "iPhone Developer: kx的Mac mini (QZUK42G688)";
				COPY_PHASE_STRIP = NO;
				GCC_C_LANGUAGE_STANDARD = gnu99;
				GCC_DYNAMIC_NO_PIC = NO;
				GCC_OPTIMIZATION_LEVEL = 0;
				GCC_PREPROCESSOR_DEFINITIONS = (
					"DEBUG=1",
					"$(inherited)",
				);
				GCC_SYMBOLS_PRIVATE_EXTERN = NO;
				GCC_WARN_ABOUT_RETURN_TYPE = YES;
				GCC_WARN_UNINITIALIZED_AUTOS = YES;
				GCC_WARN_UNUSED_VARIABLE = YES;
				IPHONEOS_DEPLOYMENT_TARGET = 6.0;
				PROVISIONING_PROFILE = "35A56B63-195C-40D1-8C68-5A1DCDFBE82D";
				"PROVISIONING_PROFILE[sdk=iphoneos*]" = "35A56B63-195C-40D1-8C68-5A1DCDFBE82D";
				SDKROOT = iphoneos;
				TARGETED_DEVICE_FAMILY = "1,2";
			};
			name = Debug;
		};
		84B6F36117267D2600473E8F /* Release */ = {
			isa = XCBuildConfiguration;
			buildSettings = {
				ALWAYS_SEARCH_USER_PATHS = NO;
				CLANG_CXX_LANGUAGE_STANDARD = "gnu++0x";
				CLANG_CXX_LIBRARY = "libc++";
				CLANG_WARN_EMPTY_BODY = YES;
				CLANG_WARN__DUPLICATE_METHOD_MATCH = YES;
				CODE_SIGN_IDENTITY = "iPhone Distribution: Beijing KuXun Interactive Technology Company Limited (2DE8QTFYGR)";
				"CODE_SIGN_IDENTITY[sdk=iphoneos*]" = "iPhone Distribution: Beijing KuXun Interactive Technology Company Limited (2DE8QTFYGR)";
				COPY_PHASE_STRIP = YES;
				GCC_C_LANGUAGE_STANDARD = gnu99;
				GCC_WARN_ABOUT_RETURN_TYPE = YES;
				GCC_WARN_UNINITIALIZED_AUTOS = YES;
				GCC_WARN_UNUSED_VARIABLE = YES;
				IPHONEOS_DEPLOYMENT_TARGET = 6.0;
				OTHER_CFLAGS = "-DNS_BLOCK_ASSERTIONS=1";
				PROVISIONING_PROFILE = "ACFFA4A4-AA9C-4052-A613-0101D643B21C";
				"PROVISIONING_PROFILE[sdk=iphoneos*]" = "ACFFA4A4-AA9C-4052-A613-0101D643B21C";
				SDKROOT = iphoneos;
				TARGETED_DEVICE_FAMILY = "1,2";
				VALIDATE_PRODUCT = YES;
			};
			name = Release;
		};
		84B6F36317267D2600473E8F /* Debug */ = {
			isa = XCBuildConfiguration;
			buildSettings = {
				CODE_SIGN_IDENTITY = "iPhone Developer: kx的Mac mini (QZUK42G688)";
				"CODE_SIGN_IDENTITY[sdk=iphoneos*]" = "iPhone Developer: kx的Mac mini (QZUK42G688)";
				GCC_PRECOMPILE_PREFIX_HEADER = YES;
				GCC_PREFIX_HEADER = "demo/demo-Prefix.pch";
				INFOPLIST_FILE = "demo/demo-Info.plist";
				PRODUCT_NAME = "$(TARGET_NAME)";
				PROVISIONING_PROFILE = "35A56B63-195C-40D1-8C68-5A1DCDFBE82D";
				"PROVISIONING_PROFILE[sdk=iphoneos*]" = "35A56B63-195C-40D1-8C68-5A1DCDFBE82D";
				WRAPPER_EXTENSION = app;
			};
			name = Debug;
		};
		84B6F36417267D2600473E8F /* Release */ = {
			isa = XCBuildConfiguration;
			buildSettings = {
				CODE_SIGN_IDENTITY = "iPhone Distribution: Beijing KuXun Interactive Technology Company Limited (2DE8QTFYGR)";
				"CODE_SIGN_IDENTITY[sdk=iphoneos*]" = "iPhone Distribution: Beijing KuXun Interactive Technology Company Limited (2DE8QTFYGR)";
				GCC_PRECOMPILE_PREFIX_HEADER = YES;
				GCC_PREFIX_HEADER = "demo/demo-Prefix.pch";
				INFOPLIST_FILE = "demo/demo-Info.plist";
				PRODUCT_NAME = "$(TARGET_NAME)";
				PROVISIONING_PROFILE = "ACFFA4A4-AA9C-4052-A613-0101D643B21C";
				"PROVISIONING_PROFILE[sdk=iphoneos*]" = "ACFFA4A4-AA9C-4052-A613-0101D643B21C";
				WRAPPER_EXTENSION = app;
			};
			name = Release;
		};
		84B6F36617267D2600473E8F /* Debug */ = {
			isa = XCBuildConfiguration;
			buildSettings = {
				BUNDLE_LOADER = "$(BUILT_PRODUCTS_DIR)/demo.app/demo";
				FRAMEWORK_SEARCH_PATHS = (
					"\"$(SDKROOT)/Developer/Library/Frameworks\"",
					"\"$(DEVELOPER_LIBRARY_DIR)/Frameworks\"",
				);
				GCC_PRECOMPILE_PREFIX_HEADER = YES;
				GCC_PREFIX_HEADER = "demo/demo-Prefix.pch";
				INFOPLIST_FILE = "demoTests/demoTests-Info.plist";
				PRODUCT_NAME = "$(TARGET_NAME)";
				TEST_HOST = "$(BUNDLE_LOADER)";
				WRAPPER_EXTENSION = octest;
			};
			name = Debug;
		};
		84B6F36717267D2600473E8F /* Release */ = {
			isa = XCBuildConfiguration;
			buildSettings = {
				BUNDLE_LOADER = "$(BUILT_PRODUCTS_DIR)/demo.app/demo";
				FRAMEWORK_SEARCH_PATHS = (
					"\"$(SDKROOT)/Developer/Library/Frameworks\"",
					"\"$(DEVELOPER_LIBRARY_DIR)/Frameworks\"",
				);
				GCC_PRECOMPILE_PREFIX_HEADER = YES;
				GCC_PREFIX_HEADER = "demo/demo-Prefix.pch";
				INFOPLIST_FILE = "demoTests/demoTests-Info.plist";
				PRODUCT_NAME = "$(TARGET_NAME)";
				TEST_HOST = "$(BUNDLE_LOADER)";
				WRAPPER_EXTENSION = octest;
			};
			name = Release;
		};
/* End XCBuildConfiguration section */

/* Begin XCConfigurationList section */
		84B6F32917267D2500473E8F /* Build configuration list for PBXProject "demo" */ = {
			isa = XCConfigurationList;
			buildConfigurations = (
				84B6F36017267D2600473E8F /* Debug */,
				84B6F36117267D2600473E8F /* Release */,
			);
			defaultConfigurationIsVisible = 0;
			defaultConfigurationName = Release;
		};
		84B6F36217267D2600473E8F /* Build configuration list for PBXNativeTarget "demo" */ = {
			isa = XCConfigurationList;
			buildConfigurations = (
				84B6F36317267D2600473E8F /* Debug */,
				84B6F36417267D2600473E8F /* Release */,
			);
			defaultConfigurationIsVisible = 0;
			defaultConfigurationName = Release;
		};
		84B6F36517267D2600473E8F /* Build configuration list for PBXNativeTarget "demoTests" */ = {
			isa = XCConfigurationList;
			buildConfigurations = (
				84B6F36617267D2600473E8F /* Debug */,
				84B6F36717267D2600473E8F /* Release */,
			);
			defaultConfigurationIsVisible = 0;
			defaultConfigurationName = Release;
		};
/* End XCConfigurationList section */
	};
	rootObject = 84B6F32617267D2500473E8F /* Project object */;
}
